<?xml version="1.0" encoding="utf-8"?>
<Project ToolsVersion="4.0" xmlns="http://schemas.microsoft.com/developer/msbuild/2003">
  <ItemGroup>
    <Filter Include="源文件">
      <UniqueIdentifier>{4FC737F1-C7A5-4376-A066-2A32D752A2FF}</UniqueIdentifier>
      <Extensions>cpp;c;cc;cxx;def;odl;idl;hpj;bat;asm;asmx</Extensions>
    </Filter>
    <Filter Include="头文件">
      <UniqueIdentifier>{93995380-89BD-4b04-88EB-625FBE52EBFB}</UniqueIdentifier>
      <Extensions>h;hh;hpp;hxx;hm;inl;inc;ipp;xsd</Extensions>
    </Filter>
    <Filter Include="资源文件">
      <UniqueIdentifier>{67DA6AB6-F800-4c08-8B7A-83BB121AAD01}</UniqueIdentifier>
      <Extensions>rc;ico;cur;bmp;dlg;rc2;rct;bin;rgs;gif;jpg;jpeg;jpe;resx;tiff;tif;png;wav;mfcribbon-ms</Extensions>
    </Filter>
  </ItemGroup>
  <ItemGroup>
    <ClInclude Include="const.h">
      <Filter>头文件</Filter>
    </ClInclude>
    <ClInclude Include="var.h">
      <Filter>头文件</Filter>
    </ClInclude>
    <ClInclude Include="words.h">
      <Filter>头文件</Filter>
    </ClInclude>
    <ClInclude Include="grammar.h">
      <Filter>头文件</Filter>
    </ClInclude>
    <ClInclude Include="table.h">
      <Filter>头文件</Filter>
    </ClInclude>
    <ClInclude Include="mid_code.h">
      <Filter>头文件</Filter>
    </ClInclude>
    <ClInclude Include="tar.h">
      <Filter>头文件</Filter>
    </ClInclude>
    <ClInclude Include="reg_recorder.h">
      <Filter>头文件</Filter>
    </ClInclude>
    <ClInclude Include="dag_opt.h">
      <Filter>头文件</Filter>
    </ClInclude>
    <ClInclude Include="copy_opt.h">
      <Filter>头文件</Filter>
    </ClInclude>
    <ClInclude Include="main.h">
      <Filter>头文件</Filter>
    </ClInclude>
  </ItemGroup>
  <ItemGroup>
    <ClCompile Include="main.cpp">
      <Filter>源文件</Filter>
    </ClCompile>
    <ClCompile Include="words.cpp">
      <Filter>源文件</Filter>
    </ClCompile>
    <ClCompile Include="grammar.cpp">
      <Filter>源文件</Filter>
    </ClCompile>
    <ClCompile Include="table.cpp">
      <Filter>源文件</Filter>
    </ClCompile>
    <ClCompile Include="mid_code.cpp">
      <Filter>源文件</Filter>
    </ClCompile>
    <ClCompile Include="tar.cpp">
      <Filter>源文件</Filter>
    </ClCompile>
    <ClCompile Include="tar_new.cpp">
      <Filter>源文件</Filter>
    </ClCompile>
    <ClCompile Include="reg_recorder.cpp">
      <Filter>源文件</Filter>
    </ClCompile>
    <ClCompile Include="dag_opt.cpp">
      <Filter>源文件</Filter>
    </ClCompile>
    <ClCompile Include="copy_opt.cpp">
      <Filter>源文件</Filter>
    </ClCompile>
  </ItemGroup>
</Project>